
Microsoft Visual Studio Solution File, Format Version 12.00
# Visual Studio 15
VisualStudioVersion = 15.0.27703.2000
MinimumVisualStudioVersion = 10.0.40219.1
Project("{FAE04EC0-301F-11D3-BF4B-00C04F79EFBC}") = "KartenMischen", "KartenMischen\KartenMischen.csproj", "{3E54968E-85F2-44EA-B78B-B3E9A0603E5F}"
EndProject
Global
	GlobalSection(SolutionConfigurationPlatforms) = preSolution
		Debug|Any CPU = Debug|Any CPU
		Release|Any CPU = Release|Any CPU
	EndGlobalSection
	GlobalSection(ProjectConfigurationPlatforms) = postSolution
		{3E54968E-85F2-44EA-B78B-B3E9A0603E5F}.Debug|Any CPU.ActiveCfg = Debug|Any CPU
		{3E54968E-85F2-44EA-B78B-B3E9A0603E5F}.Debug|Any CPU.Build.0 = Debug|Any CPU
		{3E54968E-85F2-44EA-B78B-B3E9A0603E5F}.Release|Any CPU.ActiveCfg = Release|Any CPU
		{3E54968E-85F2-44EA-B78B-B3E9A0603E5F}.Release|Any CPU.Build.0 = Release|Any CPU
	EndGlobalSection
	GlobalSection(SolutionProperties) = preSolution
		HideSolutionNode = FALSE
	EndGlobalSection
	GlobalSection(ExtensibilityGlobals) = postSolution
		SolutionGuid = {C8F5B437-2141-416C-A03C-F4CC7F8A1DCF}
	EndGlobalSection
EndGlobal
